
Microsoft Visual Studio Solution File, Format Version 12.00
# Visual Studio Express 2012 for Web
Project("{FAE04EC0-301F-11D3-BF4B-00C04F79EFBC}") = "shootytron", "shootytron\shootytron.csproj", "{FB351C4F-8767-49AD-B065-1F3382EC5BFE}"
EndProject
Global
	GlobalSection(SolutionConfigurationPlatforms) = preSolution
		Debug|Any CPU = Debug|Any CPU
		Release|Any CPU = Release|Any CPU
	EndGlobalSection
	GlobalSection(ProjectConfigurationPlatforms) = postSolution
		{FB351C4F-8767-49AD-B065-1F3382EC5BFE}.Debug|Any CPU.ActiveCfg = Debug|Any CPU
		{FB351C4F-8767-49AD-B065-1F3382EC5BFE}.Debug|Any CPU.Build.0 = Debug|Any CPU
		{FB351C4F-8767-49AD-B065-1F3382EC5BFE}.Release|Any CPU.ActiveCfg = Release|Any CPU
		{FB351C4F-8767-49AD-B065-1F3382EC5BFE}.Release|Any CPU.Build.0 = Release|Any CPU
	EndGlobalSection
	GlobalSection(SolutionProperties) = preSolution
		HideSolutionNode = FALSE
	EndGlobalSection
EndGlobal
